
Microsoft Visual Studio Solution File, Format Version 12.00
Project("{FAE04EC0-301F-11D3-BF4B-00C04F79EFBC}") = "VkGuide", "VkGuide\VkGuide.csproj", "{57A5C77F-4E01-4528-BD24-1302700D042B}"
EndProject
Global
	GlobalSection(SolutionConfigurationPlatforms) = preSolution
		Debug|Any CPU = Debug|Any CPU
		Release|Any CPU = Release|Any CPU
	EndGlobalSection
	GlobalSection(ProjectConfigurationPlatforms) = postSolution
		{57A5C77F-4E01-4528-BD24-1302700D042B}.Debug|Any CPU.ActiveCfg = Debug|Any CPU
		{57A5C77F-4E01-4528-BD24-1302700D042B}.Debug|Any CPU.Build.0 = Debug|Any CPU
		{57A5C77F-4E01-4528-BD24-1302700D042B}.Release|Any CPU.ActiveCfg = Release|Any CPU
		{57A5C77F-4E01-4528-BD24-1302700D042B}.Release|Any CPU.Build.0 = Release|Any CPU
	EndGlobalSection
EndGlobal
